// !$*UTF8*$!
{
	archiveVersion = 1;
	classes = {
	};
	objectVersion = 46;
	objects = {

/* Begin PBXBuildFile section */
		20217A7C15536D88008265A9 /* Foundation.framework in Frameworks */ = {isa = PBXBuildFile; fileRef = 20217A7B15536D88008265A9 /* Foundation.framework */; };
		20217A7F15536D88008265A9 /* main.m in Sources */ = {isa = PBXBuildFile; fileRef = 20217A7E15536D88008265A9 /* main.m */; };
		20217A911553783B008265A9 /* Makefile in Sources */ = {isa = PBXBuildFile; fileRef = 20217A901553783B008265A9 /* Makefile */; };
		207ACE811556544F00F32573 /* brcore.m in Sources */ = {isa = PBXBuildFile; fileRef = 207ACE801556544F00F32573 /* brcore.m */; };
/* End PBXBuildFile section */

/* Begin PBXCopyFilesBuildPhase section */
		20217A7515536D88008265A9 /* CopyFiles */ = {
			isa = PBXCopyFilesBuildPhase;
			buildActionMask = 2147483647;
			dstPath = /usr/share/man/man1/;
			dstSubfolderSpec = 0;
			files = (
			);
			runOnlyForDeploymentPostprocessing = 1;
		};
/* End PBXCopyFilesBuildPhase section */

/* Begin PBXFileReference section */
		20217A7715536D88008265A9 /* brcore */ = {isa = PBXFileReference; explicitFileType = "compiled.mach-o.executable"; includeInIndex = 0; path = brcore; sourceTree = BUILT_PRODUCTS_DIR; };
		20217A7B15536D88008265A9 /* Foundation.framework */ = {isa = PBXFileReference; lastKnownFileType = wrapper.framework; name = Foundation.framework; path = System/Library/Frameworks/Foundation.framework; sourceTree = SDKROOT; };
		20217A7E15536D88008265A9 /* main.m */ = {isa = PBXFileReference; lastKnownFileType = sourcecode.c.objc; path = main.m; sourceTree = "<group>"; };
		20217A8115536D88008265A9 /* brcore-Prefix.pch */ = {isa = PBXFileReference; lastKnownFileType = sourcecode.c.h; path = "brcore-Prefix.pch"; sourceTree = "<group>"; };
		20217A8915536D9C008265A9 /* brcore.h */ = {isa = PBXFileReference; fileEncoding = 4; lastKnownFileType = sourcecode.c.h; path = brcore.h; sourceTree = "<group>"; };
		20217A901553783B008265A9 /* Makefile */ = {isa = PBXFileReference; fileEncoding = 4; lastKnownFileType = sourcecode.make; path = Makefile; sourceTree = "<group>"; };
		20217A9215540B12008265A9 /* README.md */ = {isa = PBXFileReference; fileEncoding = 4; lastKnownFileType = text; path = README.md; sourceTree = "<group>"; };
		20370BC9155493770052F76F /* brcore-epoll.m */ = {isa = PBXFileReference; fileEncoding = 4; lastKnownFileType = sourcecode.c.objc; path = "brcore-epoll.m"; sourceTree = "<group>"; };
		207ACE801556544F00F32573 /* brcore.m */ = {isa = PBXFileReference; fileEncoding = 4; lastKnownFileType = sourcecode.c.objc; path = brcore.m; sourceTree = "<group>"; };
/* End PBXFileReference section */

/* Begin PBXFrameworksBuildPhase section */
		20217A7415536D88008265A9 /* Frameworks */ = {
			isa = PBXFrameworksBuildPhase;
			buildActionMask = 2147483647;
			files = (
				20217A7C15536D88008265A9 /* Foundation.framework in Frameworks */,
			);
			runOnlyForDeploymentPostprocessing = 0;
		};
/* End PBXFrameworksBuildPhase section */

/* Begin PBXGroup section */
		20217A6C15536D88008265A9 = {
			isa = PBXGroup;
			children = (
				20217A9215540B12008265A9 /* README.md */,
				20217A7D15536D88008265A9 /* brcore */,
				20217A7A15536D88008265A9 /* Frameworks */,
				20217A7815536D88008265A9 /* Products */,
			);
			sourceTree = "<group>";
		};
		20217A7815536D88008265A9 /* Products */ = {
			isa = PBXGroup;
			children = (
				20217A7715536D88008265A9 /* brcore */,
			);
			name = Products;
			sourceTree = "<group>";
		};
		20217A7A15536D88008265A9 /* Frameworks */ = {
			isa = PBXGroup;
			children = (
				20217A7B15536D88008265A9 /* Foundation.framework */,
			);
			name = Frameworks;
			sourceTree = "<group>";
		};
		20217A7D15536D88008265A9 /* brcore */ = {
			isa = PBXGroup;
			children = (
				20217A7E15536D88008265A9 /* main.m */,
				20217A8015536D88008265A9 /* Supporting Files */,
				20217A8915536D9C008265A9 /* brcore.h */,
				20217A901553783B008265A9 /* Makefile */,
				20370BC9155493770052F76F /* brcore-epoll.m */,
				207ACE801556544F00F32573 /* brcore.m */,
			);
			path = brcore;
			sourceTree = "<group>";
		};
		20217A8015536D88008265A9 /* Supporting Files */ = {
			isa = PBXGroup;
			children = (
				20217A8115536D88008265A9 /* brcore-Prefix.pch */,
			);
			name = "Supporting Files";
			sourceTree = "<group>";
		};
/* End PBXGroup section */

/* Begin PBXNativeTarget section */
		20217A7615536D88008265A9 /* brcore */ = {
			isa = PBXNativeTarget;
			buildConfigurationList = 20217A8615536D88008265A9 /* Build configuration list for PBXNativeTarget "brcore" */;
			buildPhases = (
				20217A7315536D88008265A9 /* Sources */,
				20217A7415536D88008265A9 /* Frameworks */,
				20217A7515536D88008265A9 /* CopyFiles */,
			);
			buildRules = (
			);
			dependencies = (
			);
			name = brcore;
			productName = brcore;
			productReference = 20217A7715536D88008265A9 /* brcore */;
			productType = "com.apple.product-type.tool";
		};
/* End PBXNativeTarget section */

/* Begin PBXProject section */
		20217A6E15536D88008265A9 /* Project object */ = {
			isa = PBXProject;
			attributes = {
				LastUpgradeCheck = 0430;
			};
			buildConfigurationList = 20217A7115536D88008265A9 /* Build configuration list for PBXProject "brcore" */;
			compatibilityVersion = "Xcode 3.2";
			developmentRegion = English;
			hasScannedForEncodings = 0;
			knownRegions = (
				en,
			);
			mainGroup = 20217A6C15536D88008265A9;
			productRefGroup = 20217A7815536D88008265A9 /* Products */;
			projectDirPath = "";
			projectRoot = "";
			targets = (
				20217A7615536D88008265A9 /* brcore */,
			);
		};
/* End PBXProject section */

/* Begin PBXSourcesBuildPhase section */
		20217A7315536D88008265A9 /* Sources */ = {
			isa = PBXSourcesBuildPhase;
			buildActionMask = 2147483647;
			files = (
				20217A7F15536D88008265A9 /* main.m in Sources */,
				20217A911553783B008265A9 /* Makefile in Sources */,
				207ACE811556544F00F32573 /* brcore.m in Sources */,
			);
			runOnlyForDeploymentPostprocessing = 0;
		};
/* End PBXSourcesBuildPhase section */

/* Begin XCBuildConfiguration section */
		20217A8415536D88008265A9 /* Debug */ = {
			isa = XCBuildConfiguration;
			buildSettings = {
				ALWAYS_SEARCH_USER_PATHS = NO;
				ARCHS = "$(ARCHS_STANDARD_64_BIT)";
				CLANG_ENABLE_OBJC_ARC = YES;
				COPY_PHASE_STRIP = NO;
				GCC_C_LANGUAGE_STANDARD = gnu99;
				GCC_DYNAMIC_NO_PIC = NO;
				GCC_ENABLE_OBJC_EXCEPTIONS = YES;
				GCC_OPTIMIZATION_LEVEL = 0;
				GCC_PREPROCESSOR_DEFINITIONS = (
					"DEBUG=1",
					"$(inherited)",
				);
				GCC_SYMBOLS_PRIVATE_EXTERN = NO;
				GCC_VERSION = com.apple.compilers.llvm.clang.1_0;
				GCC_WARN_64_TO_32_BIT_CONVERSION = YES;
				GCC_WARN_ABOUT_RETURN_TYPE = YES;
				GCC_WARN_UNINITIALIZED_AUTOS = YES;
				GCC_WARN_UNUSED_VARIABLE = YES;
				MACOSX_DEPLOYMENT_TARGET = 10.7;
				ONLY_ACTIVE_ARCH = YES;
				SDKROOT = macosx;
			};
			name = Debug;
		};
		20217A8515536D88008265A9 /* Release */ = {
			isa = XCBuildConfiguration;
			buildSettings = {
				ALWAYS_SEARCH_USER_PATHS = NO;
				ARCHS = "$(ARCHS_STANDARD_64_BIT)";
				CLANG_ENABLE_OBJC_ARC = YES;
				COPY_PHASE_STRIP = YES;
				DEBUG_INFORMATION_FORMAT = "dwarf-with-dsym";
				GCC_C_LANGUAGE_STANDARD = gnu99;
				GCC_ENABLE_OBJC_EXCEPTIONS = YES;
				GCC_VERSION = com.apple.compilers.llvm.clang.1_0;
				GCC_WARN_64_TO_32_BIT_CONVERSION = YES;
				GCC_WARN_ABOUT_RETURN_TYPE = YES;
				GCC_WARN_UNINITIALIZED_AUTOS = YES;
				GCC_WARN_UNUSED_VARIABLE = YES;
				MACOSX_DEPLOYMENT_TARGET = 10.7;
				SDKROOT = macosx;
			};
			name = Release;
		};
		20217A8715536D88008265A9 /* Debug */ = {
			isa = XCBuildConfiguration;
			buildSettings = {
				GCC_PRECOMPILE_PREFIX_HEADER = YES;
				GCC_PREFIX_HEADER = "brcore/brcore-Prefix.pch";
				PRODUCT_NAME = "$(TARGET_NAME)";
			};
			name = Debug;
		};
		20217A8815536D88008265A9 /* Release */ = {
			isa = XCBuildConfiguration;
			buildSettings = {
				GCC_PRECOMPILE_PREFIX_HEADER = YES;
				GCC_PREFIX_HEADER = "brcore/brcore-Prefix.pch";
				PRODUCT_NAME = "$(TARGET_NAME)";
			};
			name = Release;
		};
/* End XCBuildConfiguration section */

/* Begin XCConfigurationList section */
		20217A7115536D88008265A9 /* Build configuration list for PBXProject "brcore" */ = {
			isa = XCConfigurationList;
			buildConfigurations = (
				20217A8415536D88008265A9 /* Debug */,
				20217A8515536D88008265A9 /* Release */,
			);
			defaultConfigurationIsVisible = 0;
			defaultConfigurationName = Release;
		};
		20217A8615536D88008265A9 /* Build configuration list for PBXNativeTarget "brcore" */ = {
			isa = XCConfigurationList;
			buildConfigurations = (
				20217A8715536D88008265A9 /* Debug */,
				20217A8815536D88008265A9 /* Release */,
			);
			defaultConfigurationIsVisible = 0;
			defaultConfigurationName = Release;
		};
/* End XCConfigurationList section */
	};
	rootObject = 20217A6E15536D88008265A9 /* Project object */;
}
